{
  "contractVersion": "1.0.0",
  "rootPackage": "agent-ix/assurance",
  "fingerprint": "sha256:3333333333333333333333333333333333333333333333333333333333333333",
  "canonicalization": {
    "algorithm": "RFC8785-JCS-with-identity-sorted-sets-v1",
    "digest": "sha256",
    "included": ["schema-bytes", "manifest", "mappings", "profiles", "resolved-packages", "compiler-contract-version"],
    "excluded": ["object-order", "set-order", "source-path", "working-directory", "timestamp", "hostname", "locale"]
  },
  "packages": [
    {
      "identity": "agent-ix/assurance",
      "version": "1.0.0",
      "contentDigest": "sha256:4444444444444444444444444444444444444444444444444444444444444444",
      "sourceIdentity": "ix://agent-ix/assurance/source/release-1",
      "dependencies": ["agent-ix/core"]
    },
    {
      "identity": "agent-ix/core",
      "version": "1.2.0",
      "contentDigest": "sha256:5555555555555555555555555555555555555555555555555555555555555555",
      "sourceIdentity": "ix://agent-ix/core/source/release-1-2",
      "dependencies": []
    }
  ]
}
